<Solution>
  <Folder Name="/src/">
    <Project Path="src/TimeTracker.Application/TimeTracker.Application.csproj" />
    <Project Path="src/TimeTracker.Desktop/TimeTracker.Desktop.csproj" />
    <Project Path="src/TimeTracker.Domain/TimeTracker.Domain.csproj" />
    <Project Path="src/TimeTracker.Infrastructure/TimeTracker.Infrastructure.csproj" />
    <Project Path="src/TimeTracker.Presentation/TimeTracker.Presentation.csproj" />
  </Folder>
  <Folder Name="/tests/">
    <Project Path="tests/TimeTracker.Domain.Tests/TimeTracker.Domain.Tests.csproj" />
    <Project Path="tests/TimeTracker.UI.Tests/TimeTracker.UI.Tests.csproj" />
  </Folder>
  <Folder Name="/Элементы решения/">
    <File Path=".editorconfig" />
    <File Path=".gitattributes" />
    <File Path=".gitignore" />
    <File Path="Directory.Build.props" />
    <File Path="Directory.Packages.props" />
    <File Path="global.json" />
    <File Path="README.md" />
  </Folder>
</Solution>
